# THIS IS AN AUTOGENERATED FILE. DO NOT EDIT THIS FILE DIRECTLY.
# yarn lockfile v1


"excel-export@~0.3.11":
  "integrity" "sha1-a/a51lVV6+Pw2uqlcy97aZhqfrQ="
  "resolved" "https://registry.npmjs.org/excel-export/-/excel-export-0.3.11.tgz"
  "version" "0.3.11"
  dependencies:
    "node-zip" "1.x"

"json2xls@^0.1.2":
  "integrity" "sha1-NzWO2CqPyvkrs7JNh1msV+OU4Bc="
  "resolved" "https://registry.npmjs.org/json2xls/-/json2xls-0.1.2.tgz"
  "version" "0.1.2"
  dependencies:
    "excel-export" "~0.3.11"

"jszip@2.5.0":
  "integrity" "sha1-dET9hVHd8+XacZj+oMkbyDCMwnQ="
  "resolved" "https://registry.npmjs.org/jszip/-/jszip-2.5.0.tgz"
  "version" "2.5.0"
  dependencies:
    "pako" "~0.2.5"

"node-zip@1.x":
  "integrity" "sha1-lNGtZ0o81GoViN1zb0qaeMdX62I="
  "resolved" "https://registry.npmjs.org/node-zip/-/node-zip-1.1.1.tgz"
  "version" "1.1.1"
  dependencies:
    "jszip" "2.5.0"

"pako@~0.2.5":
  "integrity" "sha1-8/dSL073gjSNqBYbrZ7P1Rv4OnU="
  "resolved" "https://registry.npmjs.org/pako/-/pako-0.2.9.tgz"
  "version" "0.2.9"
